// !$*UTF8*$!
{
	archiveVersion = 1;
	classes = {
	};
	objectVersion = 50;
	objects = {

/* Begin PBXBuildFile section */
		5A7053B52335F14F00D5C675 /* AppDelegate.swift in Sources */ = {isa = PBXBuildFile; fileRef = 5A7053B42335F14F00D5C675 /* AppDelegate.swift */; };
		5A7053B72335F14F00D5C675 /* ViewController.swift in Sources */ = {isa = PBXBuildFile; fileRef = 5A7053B62335F14F00D5C675 /* ViewController.swift */; };
		5A7053BA2335F14F00D5C675 /* Main.storyboard in Resources */ = {isa = PBXBuildFile; fileRef = 5A7053B82335F14F00D5C675 /* Main.storyboard */; };
		5A7053BC2335F15100D5C675 /* Assets.xcassets in Resources */ = {isa = PBXBuildFile; fileRef = 5A7053BB2335F15100D5C675 /* Assets.xcassets */; };
		5A7053BF2335F15100D5C675 /* LaunchScreen.storyboard in Resources */ = {isa = PBXBuildFile; fileRef = 5A7053BD2335F15100D5C675 /* LaunchScreen.storyboard */; };
		5A7053CA2335F15100D5C675 /* StopWatchTests.swift in Sources */ = {isa = PBXBuildFile; fileRef = 5A7053C92335F15100D5C675 /* StopWatchTests.swift */; };
		5A7053D52335F15100D5C675 /* StopWatchUITests.swift in Sources */ = {isa = PBXBuildFile; fileRef = 5A7053D42335F15100D5C675 /* StopWatchUITests.swift */; };
/* End PBXBuildFile section */

/* Begin PBXContainerItemProxy section */
		5A7053C62335F15100D5C675 /* PBXContainerItemProxy */ = {
			isa = PBXContainerItemProxy;
			containerPortal = 5A7053A92335F14F00D5C675 /* Project object */;
			proxyType = 1;
			remoteGlobalIDString = 5A7053B02335F14F00D5C675;
			remoteInfo = StopWatch;
		};
		5A7053D12335F15100D5C675 /* PBXContainerItemProxy */ = {
			isa = PBXContainerItemProxy;
			containerPortal = 5A7053A92335F14F00D5C675 /* Project object */;
			proxyType = 1;
			remoteGlobalIDString = 5A7053B02335F14F00D5C675;
			remoteInfo = StopWatch;
		};
/* End PBXContainerItemProxy section */

/* Begin PBXFileReference section */
		5A7053B12335F14F00D5C675 /* StopWatch.app */ = {isa = PBXFileReference; explicitFileType = wrapper.application; includeInIndex = 0; path = StopWatch.app; sourceTree = BUILT_PRODUCTS_DIR; };
		5A7053B42335F14F00D5C675 /* AppDelegate.swift */ = {isa = PBXFileReference; lastKnownFileType = sourcecode.swift; path = AppDelegate.swift; sourceTree = "<group>"; };
		5A7053B62335F14F00D5C675 /* ViewController.swift */ = {isa = PBXFileReference; lastKnownFileType = sourcecode.swift; path = ViewController.swift; sourceTree = "<group>"; };
		5A7053B92335F14F00D5C675 /* Base */ = {isa = PBXFileReference; lastKnownFileType = file.storyboard; name = Base; path = Base.lproj/Main.storyboard; sourceTree = "<group>"; };
		5A7053BB2335F15100D5C675 /* Assets.xcassets */ = {isa = PBXFileReference; lastKnownFileType = folder.assetcatalog; path = Assets.xcassets; sourceTree = "<group>"; };
		5A7053BE2335F15100D5C675 /* Base */ = {isa = PBXFileReference; lastKnownFileType = file.storyboard; name = Base; path = Base.lproj/LaunchScreen.storyboard; sourceTree = "<group>"; };
		5A7053C02335F15100D5C675 /* Info.plist */ = {isa = PBXFileReference; lastKnownFileType = text.plist.xml; path = Info.plist; sourceTree = "<group>"; };
		5A7053C52335F15100D5C675 /* StopWatchTests.xctest */ = {isa = PBXFileReference; explicitFileType = wrapper.cfbundle; includeInIndex = 0; path = StopWatchTests.xctest; sourceTree = BUILT_PRODUCTS_DIR; };
		5A7053C92335F15100D5C675 /* StopWatchTests.swift */ = {isa = PBXFileReference; lastKnownFileType = sourcecode.swift; path = StopWatchTests.swift; sourceTree = "<group>"; };
		5A7053CB2335F15100D5C675 /* Info.plist */ = {isa = PBXFileReference; lastKnownFileType = text.plist.xml; path = Info.plist; sourceTree = "<group>"; };
		5A7053D02335F15100D5C675 /* StopWatchUITests.xctest */ = {isa = PBXFileReference; explicitFileType = wrapper.cfbundle; includeInIndex = 0; path = StopWatchUITests.xctest; sourceTree = BUILT_PRODUCTS_DIR; };
		5A7053D42335F15100D5C675 /* StopWatchUITests.swift */ = {isa = PBXFileReference; lastKnownFileType = sourcecode.swift; path = StopWatchUITests.swift; sourceTree = "<group>"; };
		5A7053D62335F15100D5C675 /* Info.plist */ = {isa = PBXFileReference; lastKnownFileType = text.plist.xml; path = Info.plist; sourceTree = "<group>"; };
/* End PBXFileReference section */

/* Begin PBXFrameworksBuildPhase section */
		5A7053AE2335F14F00D5C675 /* Frameworks */ = {
			isa = PBXFrameworksBuildPhase;
			buildActionMask = 2147483647;
			files = (
			);
			runOnlyForDeploymentPostprocessing = 0;
		};
		5A7053C22335F15100D5C675 /* Frameworks */ = {
			isa = PBXFrameworksBuildPhase;
			buildActionMask = 2147483647;
			files = (
			);
			runOnlyForDeploymentPostprocessing = 0;
		};
		5A7053CD2335F15100D5C675 /* Frameworks */ = {
			isa = PBXFrameworksBuildPhase;
			buildActionMask = 2147483647;
			files = (
			);
			runOnlyForDeploymentPostprocessing = 0;
		};
/* End PBXFrameworksBuildPhase section */

/* Begin PBXGroup section */
		5A7053A82335F14F00D5C675 = {
			isa = PBXGroup;
			children = (
				5A7053B32335F14F00D5C675 /* StopWatch */,
				5A7053C82335F15100D5C675 /* StopWatchTests */,
				5A7053D32335F15100D5C675 /* StopWatchUITests */,
				5A7053B22335F14F00D5C675 /* Products */,
			);
			sourceTree = "<group>";
		};
		5A7053B22335F14F00D5C675 /* Products */ = {
			isa = PBXGroup;
			children = (
				5A7053B12335F14F00D5C675 /* StopWatch.app */,
				5A7053C52335F15100D5C675 /* StopWatchTests.xctest */,
				5A7053D02335F15100D5C675 /* StopWatchUITests.xctest */,
			);
			name = Products;
			sourceTree = "<group>";
		};
		5A7053B32335F14F00D5C675 /* StopWatch */ = {
			isa = PBXGroup;
			children = (
				5A7053B42335F14F00D5C675 /* AppDelegate.swift */,
				5A7053B62335F14F00D5C675 /* ViewController.swift */,
				5A7053B82335F14F00D5C675 /* Main.storyboard */,
				5A7053BB2335F15100D5C675 /* Assets.xcassets */,
				5A7053BD2335F15100D5C675 /* LaunchScreen.storyboard */,
				5A7053C02335F15100D5C675 /* Info.plist */,
			);
			path = StopWatch;
			sourceTree = "<group>";
		};
		5A7053C82335F15100D5C675 /* StopWatchTests */ = {
			isa = PBXGroup;
			children = (
				5A7053C92335F15100D5C675 /* StopWatchTests.swift */,
				5A7053CB2335F15100D5C675 /* Info.plist */,
			);
			path = StopWatchTests;
			sourceTree = "<group>";
		};
		5A7053D32335F15100D5C675 /* StopWatchUITests */ = {
			isa = PBXGroup;
			children = (
				5A7053D42335F15100D5C675 /* StopWatchUITests.swift */,
				5A7053D62335F15100D5C675 /* Info.plist */,
			);
			path = StopWatchUITests;
			sourceTree = "<group>";
		};
/* End PBXGroup section */

/* Begin PBXNativeTarget section */
		5A7053B02335F14F00D5C675 /* StopWatch */ = {
			isa = PBXNativeTarget;
			buildConfigurationList = 5A7053D92335F15100D5C675 /* Build configuration list for PBXNativeTarget "StopWatch" */;
			buildPhases = (
				5A7053AD2335F14F00D5C675 /* Sources */,
				5A7053AE2335F14F00D5C675 /* Frameworks */,
				5A7053AF2335F14F00D5C675 /* Resources */,
			);
			buildRules = (
			);
			dependencies = (
			);
			name = StopWatch;
			productName = StopWatch;
			productReference = 5A7053B12335F14F00D5C675 /* StopWatch.app */;
			productType = "com.apple.product-type.application";
		};
		5A7053C42335F15100D5C675 /* StopWatchTests */ = {
			isa = PBXNativeTarget;
			buildConfigurationList = 5A7053DC2335F15100D5C675 /* Build configuration list for PBXNativeTarget "StopWatchTests" */;
			buildPhases = (
				5A7053C12335F15100D5C675 /* Sources */,
				5A7053C22335F15100D5C675 /* Frameworks */,
				5A7053C32335F15100D5C675 /* Resources */,
			);
			buildRules = (
			);
			dependencies = (
				5A7053C72335F15100D5C675 /* PBXTargetDependency */,
			);
			name = StopWatchTests;
			productName = StopWatchTests;
			productReference = 5A7053C52335F15100D5C675 /* StopWatchTests.xctest */;
			productType = "com.apple.product-type.bundle.unit-test";
		};
		5A7053CF2335F15100D5C675 /* StopWatchUITests */ = {
			isa = PBXNativeTarget;
			buildConfigurationList = 5A7053DF2335F15100D5C675 /* Build configuration list for PBXNativeTarget "StopWatchUITests" */;
			buildPhases = (
				5A7053CC2335F15100D5C675 /* Sources */,
				5A7053CD2335F15100D5C675 /* Frameworks */,
				5A7053CE2335F15100D5C675 /* Resources */,
			);
			buildRules = (
			);
			dependencies = (
				5A7053D22335F15100D5C675 /* PBXTargetDependency */,
			);
			name = StopWatchUITests;
			productName = StopWatchUITests;
			productReference = 5A7053D02335F15100D5C675 /* StopWatchUITests.xctest */;
			productType = "com.apple.product-type.bundle.ui-testing";
		};
/* End PBXNativeTarget section */

/* Begin PBXProject section */
		5A7053A92335F14F00D5C675 /* Project object */ = {
			isa = PBXProject;
			attributes = {
				LastSwiftUpdateCheck = 1030;
				LastUpgradeCheck = 1030;
				ORGANIZATIONNAME = "Shubham Vinod Kamdi";
				TargetAttributes = {
					5A7053B02335F14F00D5C675 = {
						CreatedOnToolsVersion = 10.3;
					};
					5A7053C42335F15100D5C675 = {
						CreatedOnToolsVersion = 10.3;
						TestTargetID = 5A7053B02335F14F00D5C675;
					};
					5A7053CF2335F15100D5C675 = {
						CreatedOnToolsVersion = 10.3;
						TestTargetID = 5A7053B02335F14F00D5C675;
					};
				};
			};
			buildConfigurationList = 5A7053AC2335F14F00D5C675 /* Build configuration list for PBXProject "StopWatch" */;
			compatibilityVersion = "Xcode 9.3";
			developmentRegion = en;
			hasScannedForEncodings = 0;
			knownRegions = (
				en,
				Base,
			);
			mainGroup = 5A7053A82335F14F00D5C675;
			productRefGroup = 5A7053B22335F14F00D5C675 /* Products */;
			projectDirPath = "";
			projectRoot = "";
			targets = (
				5A7053B02335F14F00D5C675 /* StopWatch */,
				5A7053C42335F15100D5C675 /* StopWatchTests */,
				5A7053CF2335F15100D5C675 /* StopWatchUITests */,
			);
		};
/* End PBXProject section */

/* Begin PBXResourcesBuildPhase section */
		5A7053AF2335F14F00D5C675 /* Resources */ = {
			isa = PBXResourcesBuildPhase;
			buildActionMask = 2147483647;
			files = (
				5A7053BF2335F15100D5C675 /* LaunchScreen.storyboard in Resources */,
				5A7053BC2335F15100D5C675 /* Assets.xcassets in Resources */,
				5A7053BA2335F14F00D5C675 /* Main.storyboard in Resources */,
			);
			runOnlyForDeploymentPostprocessing = 0;
		};
		5A7053C32335F15100D5C675 /* Resources */ = {
			isa = PBXResourcesBuildPhase;
			buildActionMask = 2147483647;
			files = (
			);
			runOnlyForDeploymentPostprocessing = 0;
		};
		5A7053CE2335F15100D5C675 /* Resources */ = {
			isa = PBXResourcesBuildPhase;
			buildActionMask = 2147483647;
			files = (
			);
			runOnlyForDeploymentPostprocessing = 0;
		};
/* End PBXResourcesBuildPhase section */

/* Begin PBXSourcesBuildPhase section */
		5A7053AD2335F14F00D5C675 /* Sources */ = {
			isa = PBXSourcesBuildPhase;
			buildActionMask = 2147483647;
			files = (
				5A7053B72335F14F00D5C675 /* ViewController.swift in Sources */,
				5A7053B52335F14F00D5C675 /* AppDelegate.swift in Sources */,
			);
			runOnlyForDeploymentPostprocessing = 0;
		};
		5A7053C12335F15100D5C675 /* Sources */ = {
			isa = PBXSourcesBuildPhase;
			buildActionMask = 2147483647;
			files = (
				5A7053CA2335F15100D5C675 /* StopWatchTests.swift in Sources */,
			);
			runOnlyForDeploymentPostprocessing = 0;
		};
		5A7053CC2335F15100D5C675 /* Sources */ = {
			isa = PBXSourcesBuildPhase;
			buildActionMask = 2147483647;
			files = (
				5A7053D52335F15100D5C675 /* StopWatchUITests.swift in Sources */,
			);
			runOnlyForDeploymentPostprocessing = 0;
		};
/* End PBXSourcesBuildPhase section */

/* Begin PBXTargetDependency section */
		5A7053C72335F15100D5C675 /* PBXTargetDependency */ = {
			isa = PBXTargetDependency;
			target = 5A7053B02335F14F00D5C675 /* StopWatch */;
			targetProxy = 5A7053C62335F15100D5C675 /* PBXContainerItemProxy */;
		};
		5A7053D22335F15100D5C675 /* PBXTargetDependency */ = {
			isa = PBXTargetDependency;
			target = 5A7053B02335F14F00D5C675 /* StopWatch */;
			targetProxy = 5A7053D12335F15100D5C675 /* PBXContainerItemProxy */;
		};
/* End PBXTargetDependency section */

/* Begin PBXVariantGroup section */
		5A7053B82335F14F00D5C675 /* Main.storyboard */ = {
			isa = PBXVariantGroup;
			children = (
				5A7053B92335F14F00D5C675 /* Base */,
			);
			name = Main.storyboard;
			sourceTree = "<group>";
		};
		5A7053BD2335F15100D5C675 /* LaunchScreen.storyboard */ = {
			isa = PBXVariantGroup;
			children = (
				5A7053BE2335F15100D5C675 /* Base */,
			);
			name = LaunchScreen.storyboard;
			sourceTree = "<group>";
		};
/* End PBXVariantGroup section */

/* Begin XCBuildConfiguration section */
		5A7053D72335F15100D5C675 /* Debug */ = {
			isa = XCBuildConfiguration;
			buildSettings = {
				ALWAYS_SEARCH_USER_PATHS = NO;
				CLANG_ANALYZER_NONNULL = YES;
				CLANG_ANALYZER_NUMBER_OBJECT_CONVERSION = YES_AGGRESSIVE;
				CLANG_CXX_LANGUAGE_STANDARD = "gnu++14";
				CLANG_CXX_LIBRARY = "libc++";
				CLANG_ENABLE_MODULES = YES;
				CLANG_ENABLE_OBJC_ARC = YES;
				CLANG_ENABLE_OBJC_WEAK = YES;
				CLANG_WARN_BLOCK_CAPTURE_AUTORELEASING = YES;
				CLANG_WARN_BOOL_CONVERSION = YES;
				CLANG_WARN_COMMA = YES;
				CLANG_WARN_CONSTANT_CONVERSION = YES;
				CLANG_WARN_DEPRECATED_OBJC_IMPLEMENTATIONS = YES;
				CLANG_WARN_DIRECT_OBJC_ISA_USAGE = YES_ERROR;
				CLANG_WARN_DOCUMENTATION_COMMENTS = YES;
				CLANG_WARN_EMPTY_BODY = YES;
				CLANG_WARN_ENUM_CONVERSION = YES;
				CLANG_WARN_INFINITE_RECURSION = YES;
				CLANG_WARN_INT_CONVERSION = YES;
				CLANG_WARN_NON_LITERAL_NULL_CONVERSION = YES;
				CLANG_WARN_OBJC_IMPLICIT_RETAIN_SELF = YES;
				CLANG_WARN_OBJC_LITERAL_CONVERSION = YES;
				CLANG_WARN_OBJC_ROOT_CLASS = YES_ERROR;
				CLANG_WARN_RANGE_LOOP_ANALYSIS = YES;
				CLANG_WARN_STRICT_PROTOTYPES = YES;
				CLANG_WARN_SUSPICIOUS_MOVE = YES;
				CLANG_WARN_UNGUARDED_AVAILABILITY = YES_AGGRESSIVE;
				CLANG_WARN_UNREACHABLE_CODE = YES;
				CLANG_WARN__DUPLICATE_METHOD_MATCH = YES;
				CODE_SIGN_IDENTITY = "iPhone Developer";
				COPY_PHASE_STRIP = NO;
				DEBUG_INFORMATION_FORMAT = dwarf;
				ENABLE_STRICT_OBJC_MSGSEND = YES;
				ENABLE_TESTABILITY = YES;
				GCC_C_LANGUAGE_STANDARD = gnu11;
				GCC_DYNAMIC_NO_PIC = NO;
				GCC_NO_COMMON_BLOCKS = YES;
				GCC_OPTIMIZATION_LEVEL = 0;
				GCC_PREPROCESSOR_DEFINITIONS = (
					"DEBUG=1",
					"$(inherited)",
				);
				GCC_WARN_64_TO_32_BIT_CONVERSION = YES;
				GCC_WARN_ABOUT_RETURN_TYPE = YES_ERROR;
				GCC_WARN_UNDECLARED_SELECTOR = YES;
				GCC_WARN_UNINITIALIZED_AUTOS = YES_AGGRESSIVE;
				GCC_WARN_UNUSED_FUNCTION = YES;
				GCC_WARN_UNUSED_VARIABLE = YES;
				IPHONEOS_DEPLOYMENT_TARGET = 12.4;
				MTL_ENABLE_DEBUG_INFO = INCLUDE_SOURCE;
				MTL_FAST_MATH = YES;
				ONLY_ACTIVE_ARCH = YES;
				SDKROOT = iphoneos;
				SWIFT_ACTIVE_COMPILATION_CONDITIONS = DEBUG;
				SWIFT_OPTIMIZATION_LEVEL = "-Onone";
			};
			name = Debug;
		};
		5A7053D82335F15100D5C675 /* Release */ = {
			isa = XCBuildConfiguration;
			buildSettings = {
				ALWAYS_SEARCH_USER_PATHS = NO;
				CLANG_ANALYZER_NONNULL = YES;
				CLANG_ANALYZER_NUMBER_OBJECT_CONVERSION = YES_AGGRESSIVE;
				CLANG_CXX_LANGUAGE_STANDARD = "gnu++14";
				CLANG_CXX_LIBRARY = "libc++";
				CLANG_ENABLE_MODULES = YES;
				CLANG_ENABLE_OBJC_ARC = YES;
				CLANG_ENABLE_OBJC_WEAK = YES;
				CLANG_WARN_BLOCK_CAPTURE_AUTORELEASING = YES;
				CLANG_WARN_BOOL_CONVERSION = YES;
				CLANG_WARN_COMMA = YES;
				CLANG_WARN_CONSTANT_CONVERSION = YES;
				CLANG_WARN_DEPRECATED_OBJC_IMPLEMENTATIONS = YES;
				CLANG_WARN_DIRECT_OBJC_ISA_USAGE = YES_ERROR;
				CLANG_WARN_DOCUMENTATION_COMMENTS = YES;
				CLANG_WARN_EMPTY_BODY = YES;
				CLANG_WARN_ENUM_CONVERSION = YES;
				CLANG_WARN_INFINITE_RECURSION = YES;
				CLANG_WARN_INT_CONVERSION = YES;
				CLANG_WARN_NON_LITERAL_NULL_CONVERSION = YES;
				CLANG_WARN_OBJC_IMPLICIT_RETAIN_SELF = YES;
				CLANG_WARN_OBJC_LITERAL_CONVERSION = YES;
				CLANG_WARN_OBJC_ROOT_CLASS = YES_ERROR;
				CLANG_WARN_RANGE_LOOP_ANALYSIS = YES;
				CLANG_WARN_STRICT_PROTOTYPES = YES;
				CLANG_WARN_SUSPICIOUS_MOVE = YES;
				CLANG_WARN_UNGUARDED_AVAILABILITY = YES_AGGRESSIVE;
				CLANG_WARN_UNREACHABLE_CODE = YES;
				CLANG_WARN__DUPLICATE_METHOD_MATCH = YES;
				CODE_SIGN_IDENTITY = "iPhone Developer";
				COPY_PHASE_STRIP = NO;
				DEBUG_INFORMATION_FORMAT = "dwarf-with-dsym";
				ENABLE_NS_ASSERTIONS = NO;
				ENABLE_STRICT_OBJC_MSGSEND = YES;
				GCC_C_LANGUAGE_STANDARD = gnu11;
				GCC_NO_COMMON_BLOCKS = YES;
				GCC_WARN_64_TO_32_BIT_CONVERSION = YES;
				GCC_WARN_ABOUT_RETURN_TYPE = YES_ERROR;
				GCC_WARN_UNDECLARED_SELECTOR = YES;
				GCC_WARN_UNINITIALIZED_AUTOS = YES_AGGRESSIVE;
				GCC_WARN_UNUSED_FUNCTION = YES;
				GCC_WARN_UNUSED_VARIABLE = YES;
				IPHONEOS_DEPLOYMENT_TARGET = 12.4;
				MTL_ENABLE_DEBUG_INFO = NO;
				MTL_FAST_MATH = YES;
				SDKROOT = iphoneos;
				SWIFT_COMPILATION_MODE = wholemodule;
				SWIFT_OPTIMIZATION_LEVEL = "-O";
				VALIDATE_PRODUCT = YES;
			};
			name = Release;
		};
		5A7053DA2335F15100D5C675 /* Debug */ = {
			isa = XCBuildConfiguration;
			buildSettings = {
				ASSETCATALOG_COMPILER_APPICON_NAME = AppIcon;
				CODE_SIGN_STYLE = Automatic;
				DEVELOPMENT_TEAM = YHL6YP9PRW;
				INFOPLIST_FILE = StopWatch/Info.plist;
				LD_RUNPATH_SEARCH_PATHS = (
					"$(inherited)",
					"@executable_path/Frameworks",
				);
				PRODUCT_BUNDLE_IDENTIFIER = "Firth-Dev.StopWatch";
				PRODUCT_NAME = "$(TARGET_NAME)";
				SWIFT_VERSION = 5.0;
				TARGETED_DEVICE_FAMILY = "1,2";
			};
			name = Debug;
		};
		5A7053DB2335F15100D5C675 /* Release */ = {
			isa = XCBuildConfiguration;
			buildSettings = {
				ASSETCATALOG_COMPILER_APPICON_NAME = AppIcon;
				CODE_SIGN_STYLE = Automatic;
				DEVELOPMENT_TEAM = YHL6YP9PRW;
				INFOPLIST_FILE = StopWatch/Info.plist;
				LD_RUNPATH_SEARCH_PATHS = (
					"$(inherited)",
					"@executable_path/Frameworks",
				);
				PRODUCT_BUNDLE_IDENTIFIER = "Firth-Dev.StopWatch";
				PRODUCT_NAME = "$(TARGET_NAME)";
				SWIFT_VERSION = 5.0;
				TARGETED_DEVICE_FAMILY = "1,2";
			};
			name = Release;
		};
		5A7053DD2335F15100D5C675 /* Debug */ = {
			isa = XCBuildConfiguration;
			buildSettings = {
				ALWAYS_EMBED_SWIFT_STANDARD_LIBRARIES = YES;
				BUNDLE_LOADER = "$(TEST_HOST)";
				CODE_SIGN_STYLE = Automatic;
				DEVELOPMENT_TEAM = YHL6YP9PRW;
				INFOPLIST_FILE = StopWatchTests/Info.plist;
				LD_RUNPATH_SEARCH_PATHS = (
					"$(inherited)",
					"@executable_path/Frameworks",
					"@loader_path/Frameworks",
				);
				PRODUCT_BUNDLE_IDENTIFIER = "Firth-Dev.StopWatchTests";
				PRODUCT_NAME = "$(TARGET_NAME)";
				SWIFT_VERSION = 5.0;
				TARGETED_DEVICE_FAMILY = "1,2";
				TEST_HOST = "$(BUILT_PRODUCTS_DIR)/StopWatch.app/StopWatch";
			};
			name = Debug;
		};
		5A7053DE2335F15100D5C675 /* Release */ = {
			isa = XCBuildConfiguration;
			buildSettings = {
				ALWAYS_EMBED_SWIFT_STANDARD_LIBRARIES = YES;
				BUNDLE_LOADER = "$(TEST_HOST)";
				CODE_SIGN_STYLE = Automatic;
				DEVELOPMENT_TEAM = YHL6YP9PRW;
				INFOPLIST_FILE = StopWatchTests/Info.plist;
				LD_RUNPATH_SEARCH_PATHS = (
					"$(inherited)",
					"@executable_path/Frameworks",
					"@loader_path/Frameworks",
				);
				PRODUCT_BUNDLE_IDENTIFIER = "Firth-Dev.StopWatchTests";
				PRODUCT_NAME = "$(TARGET_NAME)";
				SWIFT_VERSION = 5.0;
				TARGETED_DEVICE_FAMILY = "1,2";
				TEST_HOST = "$(BUILT_PRODUCTS_DIR)/StopWatch.app/StopWatch";
			};
			name = Release;
		};
		5A7053E02335F15100D5C675 /* Debug */ = {
			isa = XCBuildConfiguration;
			buildSettings = {
				ALWAYS_EMBED_SWIFT_STANDARD_LIBRARIES = YES;
				CODE_SIGN_STYLE = Automatic;
				DEVELOPMENT_TEAM = YHL6YP9PRW;
				INFOPLIST_FILE = StopWatchUITests/Info.plist;
				LD_RUNPATH_SEARCH_PATHS = (
					"$(inherited)",
					"@executable_path/Frameworks",
					"@loader_path/Frameworks",
				);
				PRODUCT_BUNDLE_IDENTIFIER = "Firth-Dev.StopWatchUITests";
				PRODUCT_NAME = "$(TARGET_NAME)";
				SWIFT_VERSION = 5.0;
				TARGETED_DEVICE_FAMILY = "1,2";
				TEST_TARGET_NAME = StopWatch;
			};
			name = Debug;
		};
		5A7053E12335F15100D5C675 /* Release */ = {
			isa = XCBuildConfiguration;
			buildSettings = {
				ALWAYS_EMBED_SWIFT_STANDARD_LIBRARIES = YES;
				CODE_SIGN_STYLE = Automatic;
				DEVELOPMENT_TEAM = YHL6YP9PRW;
				INFOPLIST_FILE = StopWatchUITests/Info.plist;
				LD_RUNPATH_SEARCH_PATHS = (
					"$(inherited)",
					"@executable_path/Frameworks",
					"@loader_path/Frameworks",
				);
				PRODUCT_BUNDLE_IDENTIFIER = "Firth-Dev.StopWatchUITests";
				PRODUCT_NAME = "$(TARGET_NAME)";
				SWIFT_VERSION = 5.0;
				TARGETED_DEVICE_FAMILY = "1,2";
				TEST_TARGET_NAME = StopWatch;
			};
			name = Release;
		};
/* End XCBuildConfiguration section */

/* Begin XCConfigurationList section */
		5A7053AC2335F14F00D5C675 /* Build configuration list for PBXProject "StopWatch" */ = {
			isa = XCConfigurationList;
			buildConfigurations = (
				5A7053D72335F15100D5C675 /* Debug */,
				5A7053D82335F15100D5C675 /* Release */,
			);
			defaultConfigurationIsVisible = 0;
			defaultConfigurationName = Release;
		};
		5A7053D92335F15100D5C675 /* Build configuration list for PBXNativeTarget "StopWatch" */ = {
			isa = XCConfigurationList;
			buildConfigurations = (
				5A7053DA2335F15100D5C675 /* Debug */,
				5A7053DB2335F15100D5C675 /* Release */,
			);
			defaultConfigurationIsVisible = 0;
			defaultConfigurationName = Release;
		};
		5A7053DC2335F15100D5C675 /* Build configuration list for PBXNativeTarget "StopWatchTests" */ = {
			isa = XCConfigurationList;
			buildConfigurations = (
				5A7053DD2335F15100D5C675 /* Debug */,
				5A7053DE2335F15100D5C675 /* Release */,
			);
			defaultConfigurationIsVisible = 0;
			defaultConfigurationName = Release;
		};
		5A7053DF2335F15100D5C675 /* Build configuration list for PBXNativeTarget "StopWatchUITests" */ = {
			isa = XCConfigurationList;
			buildConfigurations = (
				5A7053E02335F15100D5C675 /* Debug */,
				5A7053E12335F15100D5C675 /* Release */,
			);
			defaultConfigurationIsVisible = 0;
			defaultConfigurationName = Release;
		};
/* End XCConfigurationList section */
	};
	rootObject = 5A7053A92335F14F00D5C675 /* Project object */;
}
